
Microsoft Visual Studio Solution File, Format Version 12.00
# Visual Studio Version 17
VisualStudioVersion = 17.3.32804.467
MinimumVisualStudioVersion = 10.0.40219.1
Project("{FAE04EC0-301F-11D3-BF4B-00C04F79EFBC}") = "WindowsFormsApp24thdec", "WindowsFormsApp24thdec\WindowsFormsApp24thdec.csproj", "{D3E7BD0C-3630-45EC-A540-61AD83B22385}"
EndProject
Project("{54435603-DBB4-11D2-8724-00A0C9A8B90C}") = "StockPortfolioSetup", "StockPortfolioSetup\StockPortfolioSetup.vdproj", "{6DAD9C82-899B-4C8E-91DA-D35320A86974}"
EndProject
Global
	GlobalSection(SolutionConfigurationPlatforms) = preSolution
		Debug|Any CPU = Debug|Any CPU
		Release|Any CPU = Release|Any CPU
	EndGlobalSection
	GlobalSection(ProjectConfigurationPlatforms) = postSolution
		{D3E7BD0C-3630-45EC-A540-61AD83B22385}.Debug|Any CPU.ActiveCfg = Debug|Any CPU
		{D3E7BD0C-3630-45EC-A540-61AD83B22385}.Debug|Any CPU.Build.0 = Debug|Any CPU
		{D3E7BD0C-3630-45EC-A540-61AD83B22385}.Release|Any CPU.ActiveCfg = Release|Any CPU
		{D3E7BD0C-3630-45EC-A540-61AD83B22385}.Release|Any CPU.Build.0 = Release|Any CPU
		{6DAD9C82-899B-4C8E-91DA-D35320A86974}.Debug|Any CPU.ActiveCfg = Debug
		{6DAD9C82-899B-4C8E-91DA-D35320A86974}.Release|Any CPU.ActiveCfg = Release
	EndGlobalSection
	GlobalSection(SolutionProperties) = preSolution
		HideSolutionNode = FALSE
	EndGlobalSection
	GlobalSection(ExtensibilityGlobals) = postSolution
		SolutionGuid = {C6CC066E-9958-4EEE-8D94-1C02A9C80AF2}
	EndGlobalSection
EndGlobal
